
Microsoft Visual Studio Solution File, Format Version 12.00
# Visual Studio Version 17
VisualStudioVersion = 17.11.35327.3
MinimumVisualStudioVersion = 10.0.40219.1
Project("{FAE04EC0-301F-11D3-BF4B-00C04F79EFBC}") = "just word", "just word\just word.csproj", "{46B39ADB-85E5-44B8-ADDE-7B43E4024222}"
EndProject
Global
	GlobalSection(SolutionConfigurationPlatforms) = preSolution
		Debug|Any CPU = Debug|Any CPU
		Release|Any CPU = Release|Any CPU
	EndGlobalSection
	GlobalSection(ProjectConfigurationPlatforms) = postSolution
		{46B39ADB-85E5-44B8-ADDE-7B43E4024222}.Debug|Any CPU.ActiveCfg = Debug|Any CPU
		{46B39ADB-85E5-44B8-ADDE-7B43E4024222}.Debug|Any CPU.Build.0 = Debug|Any CPU
		{46B39ADB-85E5-44B8-ADDE-7B43E4024222}.Release|Any CPU.ActiveCfg = Release|Any CPU
		{46B39ADB-85E5-44B8-ADDE-7B43E4024222}.Release|Any CPU.Build.0 = Release|Any CPU
	EndGlobalSection
	GlobalSection(SolutionProperties) = preSolution
		HideSolutionNode = FALSE
	EndGlobalSection
	GlobalSection(ExtensibilityGlobals) = postSolution
		SolutionGuid = {071B099B-DDF2-4369-A564-ACF3DE28FCDD}
	EndGlobalSection
EndGlobal
